
Microsoft Visual Studio Solution File, Format Version 12.00
# Visual Studio Version 17
VisualStudioVersion = 17.14.36518.9
MinimumVisualStudioVersion = 10.0.40219.1
Project("{2150E333-8FDC-42A3-9474-1A3956D46DE8}") = "Task0", "Task0", "{02EA681E-C7D8-13C7-8484-4AC65E1B71E8}"
EndProject
Project("{FAE04EC0-301F-11D3-BF4B-00C04F79EFBC}") = "Tyuiu.SlokvaGA.Sprint5.Task0.V20", "Tyuiu.SlokvaGA.Sprint5.Task0.V20\Tyuiu.SlokvaGA.Sprint5.Task0.V20.csproj", "{E3393979-340A-4C95-9D25-C0DE7AE3872B}"
EndProject
Project("{FAE04EC0-301F-11D3-BF4B-00C04F79EFBC}") = "Tyuiu.SlokvaGA.Sprint5.Task0.V20.Test", "Tyuiu.SlokvaGA.Sprint5.Task0.V20.Test\Tyuiu.SlokvaGA.Sprint5.Task0.V20.Test.csproj", "{35CA97CC-0DA6-41EF-BDE2-CA6C7BA1858F}"
EndProject
Project("{FAE04EC0-301F-11D3-BF4B-00C04F79EFBC}") = "Tyuiu.SlokvaGA.Sprint5.Task0.V20.Lib", "Tyuiu.SlokvaGA.Sprint5.Task0.V20.Lib\Tyuiu.SlokvaGA.Sprint5.Task0.V20.Lib.csproj", "{88703309-536B-4C94-A325-5CCF566CC026}"
EndProject
Project("{2150E333-8FDC-42A3-9474-1A3956D46DE8}") = "Task1", "Task1", "{43E59750-D121-4874-A2BE-5300E2C551EB}"
EndProject
Project("{FAE04EC0-301F-11D3-BF4B-00C04F79EFBC}") = "Tyuiu.SlokvaGA.Sprint5.Task1.V27", "Tyuiu.SlokvaGA.Sprint5.Task1.V27\Tyuiu.SlokvaGA.Sprint5.Task1.V27.csproj", "{20CFC797-B853-4C72-A0FD-2FB15F876725}"
EndProject
Project("{FAE04EC0-301F-11D3-BF4B-00C04F79EFBC}") = "Tyuiu.SlokvaGA.Sprint5.Task1.V27.Lib", "Tyuiu.SlokvaGA.Sprint5.Task1.V27.Lib\Tyuiu.SlokvaGA.Sprint5.Task1.V27.Lib.csproj", "{C8CBA967-A6FA-484E-B08F-3222A90937E8}"
EndProject
Project("{FAE04EC0-301F-11D3-BF4B-00C04F79EFBC}") = "Tyuiu.SlokvaGA.Sprint5.Task1.V27.Test", "Tyuiu.SlokvaGA.Sprint5.Task1.V27.Test\Tyuiu.SlokvaGA.Sprint5.Task1.V27.Test.csproj", "{ABACF460-B3DA-4C48-966B-82933E358153}"
EndProject
Project("{2150E333-8FDC-42A3-9474-1A3956D46DE8}") = "Task2", "Task2", "{7D3CF07F-1FFF-4D61-B72A-A9309CC0C829}"
EndProject
Project("{FAE04EC0-301F-11D3-BF4B-00C04F79EFBC}") = "Tyuiu.SlokvaGA.Sprint5.Task2.V8", "Tyuiu.SlokvaGA.Sprint5.Task2.V8\Tyuiu.SlokvaGA.Sprint5.Task2.V8.csproj", "{F1E85500-E1B6-420A-AD61-691800A10852}"
EndProject
Project("{FAE04EC0-301F-11D3-BF4B-00C04F79EFBC}") = "Tyuiu.SlokvaGA.Sprint5.Task2.V8.Test", "Tyuiu.SlokvaGA.Sprint5.Task2.V8.Test\Tyuiu.SlokvaGA.Sprint5.Task2.V8.Test.csproj", "{6C8AF9A0-7C88-4A17-B3B2-343987B5B753}"
EndProject
Project("{FAE04EC0-301F-11D3-BF4B-00C04F79EFBC}") = "Tyuiu.SlokvaGA.Sprint5.Task2.V8.Lib", "Tyuiu.SlokvaGA.Sprint5.Task2.V8.Lib\Tyuiu.SlokvaGA.Sprint5.Task2.V8.Lib.csproj", "{0B2FCA04-D4B8-46B4-84A8-D4902BC8855F}"
EndProject
Project("{2150E333-8FDC-42A3-9474-1A3956D46DE8}") = "Task3", "Task3", "{7CC1384E-8B99-43F7-87E5-A1FBD96D2270}"
EndProject
Project("{FAE04EC0-301F-11D3-BF4B-00C04F79EFBC}") = "Tyuiu.SlokvaGA.Sprint5.Task3.V22.Lib", "Tyuiu.SlokvaGA.Sprint5.Task3.V22.Lib\Tyuiu.SlokvaGA.Sprint5.Task3.V22.Lib.csproj", "{836EA990-C834-443E-B8DB-C53610359601}"
EndProject
Project("{FAE04EC0-301F-11D3-BF4B-00C04F79EFBC}") = "Tyuiu.SlokvaGA.Sprint5.Task3.V22.Test", "Tyuiu.SlokvaGA.Sprint5.Task3.V22.Test\Tyuiu.SlokvaGA.Sprint5.Task3.V22.Test.csproj", "{4F20EC61-6CB1-4CFE-8728-A363907C0D0F}"
EndProject
Project("{FAE04EC0-301F-11D3-BF4B-00C04F79EFBC}") = "Tyuiu.SlokvaGA.Sprint5.Task3.V22", "Tyuiu.SlokvaGA.Sprint5.Task3.V22\Tyuiu.SlokvaGA.Sprint5.Task3.V22.csproj", "{E6E09657-B306-4718-8BB7-8534FA7E2F92}"
EndProject
Project("{2150E333-8FDC-42A3-9474-1A3956D46DE8}") = "Task4", "Task4", "{495F5AB1-389A-4845-BB61-815A731F560A}"
EndProject
Project("{FAE04EC0-301F-11D3-BF4B-00C04F79EFBC}") = "Tyuiu.SlokvaGA.Sprint5.Task4.V5", "Tyuiu.SlokvaGA.Sprint5.Task4.V5\Tyuiu.SlokvaGA.Sprint5.Task4.V5.csproj", "{AF906536-CF33-47D2-9C9C-E7ACBE7E5805}"
EndProject
Project("{FAE04EC0-301F-11D3-BF4B-00C04F79EFBC}") = "Tyuiu.SlokvaGA.Sprint5.Task4.V5.Lib", "Tyuiu.SlokvaGA.Sprint5.Task4.V5.Lib\Tyuiu.SlokvaGA.Sprint5.Task4.V5.Lib.csproj", "{FBAF9336-397E-421B-A09B-8E0075BC4BAA}"
EndProject
Project("{FAE04EC0-301F-11D3-BF4B-00C04F79EFBC}") = "Tyuiu.SlokvaGA.Sprint5.Task4.V5.Test", "Tyuiu.SlokvaGA.Sprint5.Task4.V5.Test\Tyuiu.SlokvaGA.Sprint5.Task4.V5.Test.csproj", "{FDE124B8-7E0C-4426-8E1B-6C02FA9A6BBC}"
EndProject
Project("{2150E333-8FDC-42A3-9474-1A3956D46DE8}") = "Task5", "Task5", "{369CB01D-A1A7-72D2-AABC-3F0945D148A2}"
EndProject
Project("{FAE04EC0-301F-11D3-BF4B-00C04F79EFBC}") = "Tyuiu.SlokvaGA.Sprint5.Task5.V27", "Tyuiu.SlokvaGA.Sprint5.Task5.V27\Tyuiu.SlokvaGA.Sprint5.Task5.V27.csproj", "{B459CAFF-6D2E-4790-994F-6994B18382B7}"
EndProject
Project("{FAE04EC0-301F-11D3-BF4B-00C04F79EFBC}") = "Tyuiu.SlokvaGA.Sprint5.Task5.V27.Test", "Tyuiu.SlokvaGA.Sprint5.Task5.V27.Test\Tyuiu.SlokvaGA.Sprint5.Task5.V27.Test.csproj", "{B8F2CEE3-ABD7-44F2-8556-7C83B7F4A685}"
EndProject
Project("{FAE04EC0-301F-11D3-BF4B-00C04F79EFBC}") = "Tyuiu.SlokvaGA.Sprint5.Task5.V27.Lib", "Tyuiu.SlokvaGA.Sprint5.Task5.V27.Lib\Tyuiu.SlokvaGA.Sprint5.Task5.V27.Lib.csproj", "{A606B9B6-FA7A-456E-B760-31C3152A1D36}"
EndProject
Project("{2150E333-8FDC-42A3-9474-1A3956D46DE8}") = "Task6", "Task6", "{1CA18584-A4A9-4C4C-8236-0B6A40312C09}"
EndProject
Project("{FAE04EC0-301F-11D3-BF4B-00C04F79EFBC}") = "Tyuiu.SlokvaGA.Sprint5.Task6.V27", "Tyuiu.SlokvaGA.Sprint5.Task6.V27\Tyuiu.SlokvaGA.Sprint5.Task6.V27.csproj", "{23162E98-03F3-42FD-BCB4-3265699A86F2}"
EndProject
Project("{FAE04EC0-301F-11D3-BF4B-00C04F79EFBC}") = "Tyuiu.SlokvaGA.Sprint5.Task6.V27.Lib", "Tyuiu.SlokvaGA.Sprint5.Task6.V27.Lib\Tyuiu.SlokvaGA.Sprint5.Task6.V27.Lib.csproj", "{E894472B-FD89-4834-87BC-B8CBA76BD6AE}"
EndProject
Project("{FAE04EC0-301F-11D3-BF4B-00C04F79EFBC}") = "Tyuiu.SlokvaGA.Sprint5.Task6.V27.Test", "Tyuiu.SlokvaGA.Sprint5.Task6.V27.Test\Tyuiu.SlokvaGA.Sprint5.Task6.V27.Test.csproj", "{FB40197E-4191-4C45-9761-814AE4275E8A}"
EndProject
Global
	GlobalSection(SolutionConfigurationPlatforms) = preSolution
		Debug|Any CPU = Debug|Any CPU
		Release|Any CPU = Release|Any CPU
	EndGlobalSection
	GlobalSection(ProjectConfigurationPlatforms) = postSolution
		{E3393979-340A-4C95-9D25-C0DE7AE3872B}.Debug|Any CPU.ActiveCfg = Debug|Any CPU
		{E3393979-340A-4C95-9D25-C0DE7AE3872B}.Debug|Any CPU.Build.0 = Debug|Any CPU
		{E3393979-340A-4C95-9D25-C0DE7AE3872B}.Release|Any CPU.ActiveCfg = Release|Any CPU
		{E3393979-340A-4C95-9D25-C0DE7AE3872B}.Release|Any CPU.Build.0 = Release|Any CPU
		{35CA97CC-0DA6-41EF-BDE2-CA6C7BA1858F}.Debug|Any CPU.ActiveCfg = Debug|Any CPU
		{35CA97CC-0DA6-41EF-BDE2-CA6C7BA1858F}.Debug|Any CPU.Build.0 = Debug|Any CPU
		{35CA97CC-0DA6-41EF-BDE2-CA6C7BA1858F}.Release|Any CPU.ActiveCfg = Release|Any CPU
		{35CA97CC-0DA6-41EF-BDE2-CA6C7BA1858F}.Release|Any CPU.Build.0 = Release|Any CPU
		{88703309-536B-4C94-A325-5CCF566CC026}.Debug|Any CPU.ActiveCfg = Debug|Any CPU
		{88703309-536B-4C94-A325-5CCF566CC026}.Debug|Any CPU.Build.0 = Debug|Any CPU
		{88703309-536B-4C94-A325-5CCF566CC026}.Release|Any CPU.ActiveCfg = Release|Any CPU
		{88703309-536B-4C94-A325-5CCF566CC026}.Release|Any CPU.Build.0 = Release|Any CPU
		{20CFC797-B853-4C72-A0FD-2FB15F876725}.Debug|Any CPU.ActiveCfg = Debug|Any CPU
		{20CFC797-B853-4C72-A0FD-2FB15F876725}.Debug|Any CPU.Build.0 = Debug|Any CPU
		{20CFC797-B853-4C72-A0FD-2FB15F876725}.Release|Any CPU.ActiveCfg = Release|Any CPU
		{20CFC797-B853-4C72-A0FD-2FB15F876725}.Release|Any CPU.Build.0 = Release|Any CPU
		{C8CBA967-A6FA-484E-B08F-3222A90937E8}.Debug|Any CPU.ActiveCfg = Debug|Any CPU
		{C8CBA967-A6FA-484E-B08F-3222A90937E8}.Debug|Any CPU.Build.0 = Debug|Any CPU
		{C8CBA967-A6FA-484E-B08F-3222A90937E8}.Release|Any CPU.ActiveCfg = Release|Any CPU
		{C8CBA967-A6FA-484E-B08F-3222A90937E8}.Release|Any CPU.Build.0 = Release|Any CPU
		{ABACF460-B3DA-4C48-966B-82933E358153}.Debug|Any CPU.ActiveCfg = Debug|Any CPU
		{ABACF460-B3DA-4C48-966B-82933E358153}.Debug|Any CPU.Build.0 = Debug|Any CPU
		{ABACF460-B3DA-4C48-966B-82933E358153}.Release|Any CPU.ActiveCfg = Release|Any CPU
		{ABACF460-B3DA-4C48-966B-82933E358153}.Release|Any CPU.Build.0 = Release|Any CPU
		{F1E85500-E1B6-420A-AD61-691800A10852}.Debug|Any CPU.ActiveCfg = Debug|Any CPU
		{F1E85500-E1B6-420A-AD61-691800A10852}.Debug|Any CPU.Build.0 = Debug|Any CPU
		{F1E85500-E1B6-420A-AD61-691800A10852}.Release|Any CPU.ActiveCfg = Release|Any CPU
		{F1E85500-E1B6-420A-AD61-691800A10852}.Release|Any CPU.Build.0 = Release|Any CPU
		{6C8AF9A0-7C88-4A17-B3B2-343987B5B753}.Debug|Any CPU.ActiveCfg = Debug|Any CPU
		{6C8AF9A0-7C88-4A17-B3B2-343987B5B753}.Debug|Any CPU.Build.0 = Debug|Any CPU
		{6C8AF9A0-7C88-4A17-B3B2-343987B5B753}.Release|Any CPU.ActiveCfg = Release|Any CPU
		{6C8AF9A0-7C88-4A17-B3B2-343987B5B753}.Release|Any CPU.Build.0 = Release|Any CPU
		{0B2FCA04-D4B8-46B4-84A8-D4902BC8855F}.Debug|Any CPU.ActiveCfg = Debug|Any CPU
		{0B2FCA04-D4B8-46B4-84A8-D4902BC8855F}.Debug|Any CPU.Build.0 = Debug|Any CPU
		{0B2FCA04-D4B8-46B4-84A8-D4902BC8855F}.Release|Any CPU.ActiveCfg = Release|Any CPU
		{0B2FCA04-D4B8-46B4-84A8-D4902BC8855F}.Release|Any CPU.Build.0 = Release|Any CPU
		{836EA990-C834-443E-B8DB-C53610359601}.Debug|Any CPU.ActiveCfg = Debug|Any CPU
		{836EA990-C834-443E-B8DB-C53610359601}.Debug|Any CPU.Build.0 = Debug|Any CPU
		{836EA990-C834-443E-B8DB-C53610359601}.Release|Any CPU.ActiveCfg = Release|Any CPU
		{836EA990-C834-443E-B8DB-C53610359601}.Release|Any CPU.Build.0 = Release|Any CPU
		{4F20EC61-6CB1-4CFE-8728-A363907C0D0F}.Debug|Any CPU.ActiveCfg = Debug|Any CPU
		{4F20EC61-6CB1-4CFE-8728-A363907C0D0F}.Debug|Any CPU.Build.0 = Debug|Any CPU
		{4F20EC61-6CB1-4CFE-8728-A363907C0D0F}.Release|Any CPU.ActiveCfg = Release|Any CPU
		{4F20EC61-6CB1-4CFE-8728-A363907C0D0F}.Release|Any CPU.Build.0 = Release|Any CPU
		{E6E09657-B306-4718-8BB7-8534FA7E2F92}.Debug|Any CPU.ActiveCfg = Debug|Any CPU
		{E6E09657-B306-4718-8BB7-8534FA7E2F92}.Debug|Any CPU.Build.0 = Debug|Any CPU
		{E6E09657-B306-4718-8BB7-8534FA7E2F92}.Release|Any CPU.ActiveCfg = Release|Any CPU
		{E6E09657-B306-4718-8BB7-8534FA7E2F92}.Release|Any CPU.Build.0 = Release|Any CPU
		{AF906536-CF33-47D2-9C9C-E7ACBE7E5805}.Debug|Any CPU.ActiveCfg = Debug|Any CPU
		{AF906536-CF33-47D2-9C9C-E7ACBE7E5805}.Debug|Any CPU.Build.0 = Debug|Any CPU
		{AF906536-CF33-47D2-9C9C-E7ACBE7E5805}.Release|Any CPU.ActiveCfg = Release|Any CPU
		{AF906536-CF33-47D2-9C9C-E7ACBE7E5805}.Release|Any CPU.Build.0 = Release|Any CPU
		{FBAF9336-397E-421B-A09B-8E0075BC4BAA}.Debug|Any CPU.ActiveCfg = Debug|Any CPU
		{FBAF9336-397E-421B-A09B-8E0075BC4BAA}.Debug|Any CPU.Build.0 = Debug|Any CPU
		{FBAF9336-397E-421B-A09B-8E0075BC4BAA}.Release|Any CPU.ActiveCfg = Release|Any CPU
		{FBAF9336-397E-421B-A09B-8E0075BC4BAA}.Release|Any CPU.Build.0 = Release|Any CPU
		{FDE124B8-7E0C-4426-8E1B-6C02FA9A6BBC}.Debug|Any CPU.ActiveCfg = Debug|Any CPU
		{FDE124B8-7E0C-4426-8E1B-6C02FA9A6BBC}.Debug|Any CPU.Build.0 = Debug|Any CPU
		{FDE124B8-7E0C-4426-8E1B-6C02FA9A6BBC}.Release|Any CPU.ActiveCfg = Release|Any CPU
		{FDE124B8-7E0C-4426-8E1B-6C02FA9A6BBC}.Release|Any CPU.Build.0 = Release|Any CPU
		{B459CAFF-6D2E-4790-994F-6994B18382B7}.Debug|Any CPU.ActiveCfg = Debug|Any CPU
		{B459CAFF-6D2E-4790-994F-6994B18382B7}.Debug|Any CPU.Build.0 = Debug|Any CPU
		{B459CAFF-6D2E-4790-994F-6994B18382B7}.Release|Any CPU.ActiveCfg = Release|Any CPU
		{B459CAFF-6D2E-4790-994F-6994B18382B7}.Release|Any CPU.Build.0 = Release|Any CPU
		{B8F2CEE3-ABD7-44F2-8556-7C83B7F4A685}.Debug|Any CPU.ActiveCfg = Debug|Any CPU
		{B8F2CEE3-ABD7-44F2-8556-7C83B7F4A685}.Debug|Any CPU.Build.0 = Debug|Any CPU
		{B8F2CEE3-ABD7-44F2-8556-7C83B7F4A685}.Release|Any CPU.ActiveCfg = Release|Any CPU
		{B8F2CEE3-ABD7-44F2-8556-7C83B7F4A685}.Release|Any CPU.Build.0 = Release|Any CPU
		{A606B9B6-FA7A-456E-B760-31C3152A1D36}.Debug|Any CPU.ActiveCfg = Debug|Any CPU
		{A606B9B6-FA7A-456E-B760-31C3152A1D36}.Debug|Any CPU.Build.0 = Debug|Any CPU
		{A606B9B6-FA7A-456E-B760-31C3152A1D36}.Release|Any CPU.ActiveCfg = Release|Any CPU
		{A606B9B6-FA7A-456E-B760-31C3152A1D36}.Release|Any CPU.Build.0 = Release|Any CPU
		{23162E98-03F3-42FD-BCB4-3265699A86F2}.Debug|Any CPU.ActiveCfg = Debug|Any CPU
		{23162E98-03F3-42FD-BCB4-3265699A86F2}.Debug|Any CPU.Build.0 = Debug|Any CPU
		{23162E98-03F3-42FD-BCB4-3265699A86F2}.Release|Any CPU.ActiveCfg = Release|Any CPU
		{23162E98-03F3-42FD-BCB4-3265699A86F2}.Release|Any CPU.Build.0 = Release|Any CPU
		{E894472B-FD89-4834-87BC-B8CBA76BD6AE}.Debug|Any CPU.ActiveCfg = Debug|Any CPU
		{E894472B-FD89-4834-87BC-B8CBA76BD6AE}.Debug|Any CPU.Build.0 = Debug|Any CPU
		{E894472B-FD89-4834-87BC-B8CBA76BD6AE}.Release|Any CPU.ActiveCfg = Release|Any CPU
		{E894472B-FD89-4834-87BC-B8CBA76BD6AE}.Release|Any CPU.Build.0 = Release|Any CPU
		{FB40197E-4191-4C45-9761-814AE4275E8A}.Debug|Any CPU.ActiveCfg = Debug|Any CPU
		{FB40197E-4191-4C45-9761-814AE4275E8A}.Debug|Any CPU.Build.0 = Debug|Any CPU
		{FB40197E-4191-4C45-9761-814AE4275E8A}.Release|Any CPU.ActiveCfg = Release|Any CPU
		{FB40197E-4191-4C45-9761-814AE4275E8A}.Release|Any CPU.Build.0 = Release|Any CPU
	EndGlobalSection
	GlobalSection(SolutionProperties) = preSolution
		HideSolutionNode = FALSE
	EndGlobalSection
	GlobalSection(NestedProjects) = preSolution
		{E3393979-340A-4C95-9D25-C0DE7AE3872B} = {02EA681E-C7D8-13C7-8484-4AC65E1B71E8}
		{35CA97CC-0DA6-41EF-BDE2-CA6C7BA1858F} = {02EA681E-C7D8-13C7-8484-4AC65E1B71E8}
		{88703309-536B-4C94-A325-5CCF566CC026} = {02EA681E-C7D8-13C7-8484-4AC65E1B71E8}
		{20CFC797-B853-4C72-A0FD-2FB15F876725} = {43E59750-D121-4874-A2BE-5300E2C551EB}
		{C8CBA967-A6FA-484E-B08F-3222A90937E8} = {43E59750-D121-4874-A2BE-5300E2C551EB}
		{ABACF460-B3DA-4C48-966B-82933E358153} = {43E59750-D121-4874-A2BE-5300E2C551EB}
		{F1E85500-E1B6-420A-AD61-691800A10852} = {7D3CF07F-1FFF-4D61-B72A-A9309CC0C829}
		{6C8AF9A0-7C88-4A17-B3B2-343987B5B753} = {7D3CF07F-1FFF-4D61-B72A-A9309CC0C829}
		{0B2FCA04-D4B8-46B4-84A8-D4902BC8855F} = {7D3CF07F-1FFF-4D61-B72A-A9309CC0C829}
		{836EA990-C834-443E-B8DB-C53610359601} = {7CC1384E-8B99-43F7-87E5-A1FBD96D2270}
		{4F20EC61-6CB1-4CFE-8728-A363907C0D0F} = {7CC1384E-8B99-43F7-87E5-A1FBD96D2270}
		{E6E09657-B306-4718-8BB7-8534FA7E2F92} = {7CC1384E-8B99-43F7-87E5-A1FBD96D2270}
		{AF906536-CF33-47D2-9C9C-E7ACBE7E5805} = {495F5AB1-389A-4845-BB61-815A731F560A}
		{FBAF9336-397E-421B-A09B-8E0075BC4BAA} = {495F5AB1-389A-4845-BB61-815A731F560A}
		{FDE124B8-7E0C-4426-8E1B-6C02FA9A6BBC} = {495F5AB1-389A-4845-BB61-815A731F560A}
		{B459CAFF-6D2E-4790-994F-6994B18382B7} = {369CB01D-A1A7-72D2-AABC-3F0945D148A2}
		{B8F2CEE3-ABD7-44F2-8556-7C83B7F4A685} = {369CB01D-A1A7-72D2-AABC-3F0945D148A2}
		{A606B9B6-FA7A-456E-B760-31C3152A1D36} = {369CB01D-A1A7-72D2-AABC-3F0945D148A2}
		{23162E98-03F3-42FD-BCB4-3265699A86F2} = {1CA18584-A4A9-4C4C-8236-0B6A40312C09}
		{E894472B-FD89-4834-87BC-B8CBA76BD6AE} = {1CA18584-A4A9-4C4C-8236-0B6A40312C09}
		{FB40197E-4191-4C45-9761-814AE4275E8A} = {1CA18584-A4A9-4C4C-8236-0B6A40312C09}
	EndGlobalSection
	GlobalSection(ExtensibilityGlobals) = postSolution
		SolutionGuid = {7489F249-FBD3-4C8B-9120-7FEDBB10C03C}
	EndGlobalSection
EndGlobal
