
Microsoft Visual Studio Solution File, Format Version 12.00
# Visual Studio Version 17
VisualStudioVersion = 17.14.36518.9
MinimumVisualStudioVersion = 10.0.40219.1
Project("{2150E333-8FDC-42A3-9474-1A3956D46DE8}") = "Task0", "Task0", "{02EA681E-C7D8-13C7-8484-4AC65E1B71E8}"
EndProject
Project("{FAE04EC0-301F-11D3-BF4B-00C04F79EFBC}") = "Tyuiu.SlokvaGA.Sprint5.Task0.V20", "Tyuiu.SlokvaGA.Sprint5.Task0.V20\Tyuiu.SlokvaGA.Sprint5.Task0.V20.csproj", "{E3393979-340A-4C95-9D25-C0DE7AE3872B}"
EndProject
Project("{FAE04EC0-301F-11D3-BF4B-00C04F79EFBC}") = "Tyuiu.SlokvaGA.Sprint5.Task0.V20.Test", "Tyuiu.SlokvaGA.Sprint5.Task0.V20.Test\Tyuiu.SlokvaGA.Sprint5.Task0.V20.Test.csproj", "{35CA97CC-0DA6-41EF-BDE2-CA6C7BA1858F}"
EndProject
Project("{FAE04EC0-301F-11D3-BF4B-00C04F79EFBC}") = "Tyuiu.SlokvaGA.Sprint5.Task0.V20.Lib", "Tyuiu.SlokvaGA.Sprint5.Task0.V20.Lib\Tyuiu.SlokvaGA.Sprint5.Task0.V20.Lib.csproj", "{88703309-536B-4C94-A325-5CCF566CC026}"
EndProject
Project("{2150E333-8FDC-42A3-9474-1A3956D46DE8}") = "Task1", "Task1", "{43E59750-D121-4874-A2BE-5300E2C551EB}"
EndProject
Project("{FAE04EC0-301F-11D3-BF4B-00C04F79EFBC}") = "Tyuiu.SlokvaGA.Sprint5.Task1.V27", "Tyuiu.SlokvaGA.Sprint5.Task1.V27\Tyuiu.SlokvaGA.Sprint5.Task1.V27.csproj", "{20CFC797-B853-4C72-A0FD-2FB15F876725}"
EndProject
Project("{FAE04EC0-301F-11D3-BF4B-00C04F79EFBC}") = "Tyuiu.SlokvaGA.Sprint5.Task1.V27.Lib", "Tyuiu.SlokvaGA.Sprint5.Task1.V27.Lib\Tyuiu.SlokvaGA.Sprint5.Task1.V27.Lib.csproj", "{C8CBA967-A6FA-484E-B08F-3222A90937E8}"
EndProject
Project("{FAE04EC0-301F-11D3-BF4B-00C04F79EFBC}") = "Tyuiu.SlokvaGA.Sprint5.Task1.V27.Test", "Tyuiu.SlokvaGA.Sprint5.Task1.V27.Test\Tyuiu.SlokvaGA.Sprint5.Task1.V27.Test.csproj", "{ABACF460-B3DA-4C48-966B-82933E358153}"
EndProject
Project("{2150E333-8FDC-42A3-9474-1A3956D46DE8}") = "Task2", "Task2", "{7D3CF07F-1FFF-4D61-B72A-A9309CC0C829}"
EndProject
Project("{FAE04EC0-301F-11D3-BF4B-00C04F79EFBC}") = "Tyuiu.SlokvaGA.Sprint5.Task2.V8", "Tyuiu.SlokvaGA.Sprint5.Task2.V8\Tyuiu.SlokvaGA.Sprint5.Task2.V8.csproj", "{F1E85500-E1B6-420A-AD61-691800A10852}"
EndProject
Project("{FAE04EC0-301F-11D3-BF4B-00C04F79EFBC}") = "Tyuiu.SlokvaGA.Sprint5.Task2.V8.Test", "Tyuiu.SlokvaGA.Sprint5.Task2.V8.Test\Tyuiu.SlokvaGA.Sprint5.Task2.V8.Test.csproj", "{6C8AF9A0-7C88-4A17-B3B2-343987B5B753}"
EndProject
Project("{FAE04EC0-301F-11D3-BF4B-00C04F79EFBC}") = "Tyuiu.SlokvaGA.Sprint5.Task2.V8.Lib", "Tyuiu.SlokvaGA.Sprint5.Task2.V8.Lib\Tyuiu.SlokvaGA.Sprint5.Task2.V8.Lib.csproj", "{0B2FCA04-D4B8-46B4-84A8-D4902BC8855F}"
EndProject
Project("{2150E333-8FDC-42A3-9474-1A3956D46DE8}") = "Task3", "Task3", "{7CC1384E-8B99-43F7-87E5-A1FBD96D2270}"
EndProject
Global
	GlobalSection(SolutionConfigurationPlatforms) = preSolution
		Debug|Any CPU = Debug|Any CPU
		Release|Any CPU = Release|Any CPU
	EndGlobalSection
	GlobalSection(ProjectConfigurationPlatforms) = postSolution
		{E3393979-340A-4C95-9D25-C0DE7AE3872B}.Debug|Any CPU.ActiveCfg = Debug|Any CPU
		{E3393979-340A-4C95-9D25-C0DE7AE3872B}.Debug|Any CPU.Build.0 = Debug|Any CPU
		{E3393979-340A-4C95-9D25-C0DE7AE3872B}.Release|Any CPU.ActiveCfg = Release|Any CPU
		{E3393979-340A-4C95-9D25-C0DE7AE3872B}.Release|Any CPU.Build.0 = Release|Any CPU
		{35CA97CC-0DA6-41EF-BDE2-CA6C7BA1858F}.Debug|Any CPU.ActiveCfg = Debug|Any CPU
		{35CA97CC-0DA6-41EF-BDE2-CA6C7BA1858F}.Debug|Any CPU.Build.0 = Debug|Any CPU
		{35CA97CC-0DA6-41EF-BDE2-CA6C7BA1858F}.Release|Any CPU.ActiveCfg = Release|Any CPU
		{35CA97CC-0DA6-41EF-BDE2-CA6C7BA1858F}.Release|Any CPU.Build.0 = Release|Any CPU
		{88703309-536B-4C94-A325-5CCF566CC026}.Debug|Any CPU.ActiveCfg = Debug|Any CPU
		{88703309-536B-4C94-A325-5CCF566CC026}.Debug|Any CPU.Build.0 = Debug|Any CPU
		{88703309-536B-4C94-A325-5CCF566CC026}.Release|Any CPU.ActiveCfg = Release|Any CPU
		{88703309-536B-4C94-A325-5CCF566CC026}.Release|Any CPU.Build.0 = Release|Any CPU
		{20CFC797-B853-4C72-A0FD-2FB15F876725}.Debug|Any CPU.ActiveCfg = Debug|Any CPU
		{20CFC797-B853-4C72-A0FD-2FB15F876725}.Debug|Any CPU.Build.0 = Debug|Any CPU
		{20CFC797-B853-4C72-A0FD-2FB15F876725}.Release|Any CPU.ActiveCfg = Release|Any CPU
		{20CFC797-B853-4C72-A0FD-2FB15F876725}.Release|Any CPU.Build.0 = Release|Any CPU
		{C8CBA967-A6FA-484E-B08F-3222A90937E8}.Debug|Any CPU.ActiveCfg = Debug|Any CPU
		{C8CBA967-A6FA-484E-B08F-3222A90937E8}.Debug|Any CPU.Build.0 = Debug|Any CPU
		{C8CBA967-A6FA-484E-B08F-3222A90937E8}.Release|Any CPU.ActiveCfg = Release|Any CPU
		{C8CBA967-A6FA-484E-B08F-3222A90937E8}.Release|Any CPU.Build.0 = Release|Any CPU
		{ABACF460-B3DA-4C48-966B-82933E358153}.Debug|Any CPU.ActiveCfg = Debug|Any CPU
		{ABACF460-B3DA-4C48-966B-82933E358153}.Debug|Any CPU.Build.0 = Debug|Any CPU
		{ABACF460-B3DA-4C48-966B-82933E358153}.Release|Any CPU.ActiveCfg = Release|Any CPU
		{ABACF460-B3DA-4C48-966B-82933E358153}.Release|Any CPU.Build.0 = Release|Any CPU
		{F1E85500-E1B6-420A-AD61-691800A10852}.Debug|Any CPU.ActiveCfg = Debug|Any CPU
		{F1E85500-E1B6-420A-AD61-691800A10852}.Debug|Any CPU.Build.0 = Debug|Any CPU
		{F1E85500-E1B6-420A-AD61-691800A10852}.Release|Any CPU.ActiveCfg = Release|Any CPU
		{F1E85500-E1B6-420A-AD61-691800A10852}.Release|Any CPU.Build.0 = Release|Any CPU
		{6C8AF9A0-7C88-4A17-B3B2-343987B5B753}.Debug|Any CPU.ActiveCfg = Debug|Any CPU
		{6C8AF9A0-7C88-4A17-B3B2-343987B5B753}.Debug|Any CPU.Build.0 = Debug|Any CPU
		{6C8AF9A0-7C88-4A17-B3B2-343987B5B753}.Release|Any CPU.ActiveCfg = Release|Any CPU
		{6C8AF9A0-7C88-4A17-B3B2-343987B5B753}.Release|Any CPU.Build.0 = Release|Any CPU
		{0B2FCA04-D4B8-46B4-84A8-D4902BC8855F}.Debug|Any CPU.ActiveCfg = Debug|Any CPU
		{0B2FCA04-D4B8-46B4-84A8-D4902BC8855F}.Debug|Any CPU.Build.0 = Debug|Any CPU
		{0B2FCA04-D4B8-46B4-84A8-D4902BC8855F}.Release|Any CPU.ActiveCfg = Release|Any CPU
		{0B2FCA04-D4B8-46B4-84A8-D4902BC8855F}.Release|Any CPU.Build.0 = Release|Any CPU
	EndGlobalSection
	GlobalSection(SolutionProperties) = preSolution
		HideSolutionNode = FALSE
	EndGlobalSection
	GlobalSection(NestedProjects) = preSolution
		{E3393979-340A-4C95-9D25-C0DE7AE3872B} = {02EA681E-C7D8-13C7-8484-4AC65E1B71E8}
		{35CA97CC-0DA6-41EF-BDE2-CA6C7BA1858F} = {02EA681E-C7D8-13C7-8484-4AC65E1B71E8}
		{88703309-536B-4C94-A325-5CCF566CC026} = {02EA681E-C7D8-13C7-8484-4AC65E1B71E8}
		{20CFC797-B853-4C72-A0FD-2FB15F876725} = {43E59750-D121-4874-A2BE-5300E2C551EB}
		{C8CBA967-A6FA-484E-B08F-3222A90937E8} = {43E59750-D121-4874-A2BE-5300E2C551EB}
		{ABACF460-B3DA-4C48-966B-82933E358153} = {43E59750-D121-4874-A2BE-5300E2C551EB}
		{F1E85500-E1B6-420A-AD61-691800A10852} = {7D3CF07F-1FFF-4D61-B72A-A9309CC0C829}
		{6C8AF9A0-7C88-4A17-B3B2-343987B5B753} = {7D3CF07F-1FFF-4D61-B72A-A9309CC0C829}
		{0B2FCA04-D4B8-46B4-84A8-D4902BC8855F} = {7D3CF07F-1FFF-4D61-B72A-A9309CC0C829}
	EndGlobalSection
	GlobalSection(ExtensibilityGlobals) = postSolution
		SolutionGuid = {7489F249-FBD3-4C8B-9120-7FEDBB10C03C}
	EndGlobalSection
EndGlobal
